// !$*UTF8*$!
{
	archiveVersion = 1;
	classes = {
	};
	objectVersion = 46;
	objects = {

/* Begin PBXBuildFile section */
		992B8D0A1E6F926300839A55 /* AppDelegate.swift in Sources */ = {isa = PBXBuildFile; fileRef = 992B8D091E6F926300839A55 /* AppDelegate.swift */; };
		992B8D0C1E6F926300839A55 /* ViewController.swift in Sources */ = {isa = PBXBuildFile; fileRef = 992B8D0B1E6F926300839A55 /* ViewController.swift */; };
		992B8D0F1E6F926300839A55 /* Main.storyboard in Resources */ = {isa = PBXBuildFile; fileRef = 992B8D0D1E6F926300839A55 /* Main.storyboard */; };
		992B8D111E6F926300839A55 /* Assets.xcassets in Resources */ = {isa = PBXBuildFile; fileRef = 992B8D101E6F926300839A55 /* Assets.xcassets */; };
		992B8D141E6F926300839A55 /* LaunchScreen.storyboard in Resources */ = {isa = PBXBuildFile; fileRef = 992B8D121E6F926300839A55 /* LaunchScreen.storyboard */; };
/* End PBXBuildFile section */

/* Begin PBXFileReference section */
		992B8D061E6F926300839A55 /* MovingContentUnderKeyboard.app */ = {isa = PBXFileReference; explicitFileType = wrapper.application; includeInIndex = 0; path = MovingContentUnderKeyboard.app; sourceTree = BUILT_PRODUCTS_DIR; };
		992B8D091E6F926300839A55 /* AppDelegate.swift */ = {isa = PBXFileReference; lastKnownFileType = sourcecode.swift; path = AppDelegate.swift; sourceTree = "<group>"; };
		992B8D0B1E6F926300839A55 /* ViewController.swift */ = {isa = PBXFileReference; lastKnownFileType = sourcecode.swift; path = ViewController.swift; sourceTree = "<group>"; };
		992B8D0E1E6F926300839A55 /* Base */ = {isa = PBXFileReference; lastKnownFileType = file.storyboard; name = Base; path = Base.lproj/Main.storyboard; sourceTree = "<group>"; };
		992B8D101E6F926300839A55 /* Assets.xcassets */ = {isa = PBXFileReference; lastKnownFileType = folder.assetcatalog; path = Assets.xcassets; sourceTree = "<group>"; };
		992B8D131E6F926300839A55 /* Base */ = {isa = PBXFileReference; lastKnownFileType = file.storyboard; name = Base; path = Base.lproj/LaunchScreen.storyboard; sourceTree = "<group>"; };
		992B8D151E6F926300839A55 /* Info.plist */ = {isa = PBXFileReference; lastKnownFileType = text.plist.xml; path = Info.plist; sourceTree = "<group>"; };
/* End PBXFileReference section */

/* Begin PBXFrameworksBuildPhase section */
		992B8D031E6F926300839A55 /* Frameworks */ = {
			isa = PBXFrameworksBuildPhase;
			buildActionMask = 2147483647;
			files = (
			);
			runOnlyForDeploymentPostprocessing = 0;
		};
/* End PBXFrameworksBuildPhase section */

/* Begin PBXGroup section */
		992B8CFD1E6F926200839A55 = {
			isa = PBXGroup;
			children = (
				992B8D081E6F926300839A55 /* MovingContentUnderKeyboard */,
				992B8D071E6F926300839A55 /* Products */,
			);
			sourceTree = "<group>";
		};
		992B8D071E6F926300839A55 /* Products */ = {
			isa = PBXGroup;
			children = (
				992B8D061E6F926300839A55 /* MovingContentUnderKeyboard.app */,
			);
			name = Products;
			sourceTree = "<group>";
		};
		992B8D081E6F926300839A55 /* MovingContentUnderKeyboard */ = {
			isa = PBXGroup;
			children = (
				992B8D091E6F926300839A55 /* AppDelegate.swift */,
				992B8D0B1E6F926300839A55 /* ViewController.swift */,
				992B8D0D1E6F926300839A55 /* Main.storyboard */,
				992B8D101E6F926300839A55 /* Assets.xcassets */,
				992B8D121E6F926300839A55 /* LaunchScreen.storyboard */,
				992B8D151E6F926300839A55 /* Info.plist */,
			);
			path = MovingContentUnderKeyboard;
			sourceTree = "<group>";
		};
/* End PBXGroup section */

/* Begin PBXNativeTarget section */
		992B8D051E6F926300839A55 /* MovingContentUnderKeyboard */ = {
			isa = PBXNativeTarget;
			buildConfigurationList = 992B8D181E6F926300839A55 /* Build configuration list for PBXNativeTarget "MovingContentUnderKeyboard" */;
			buildPhases = (
				992B8D021E6F926300839A55 /* Sources */,
				992B8D031E6F926300839A55 /* Frameworks */,
				992B8D041E6F926300839A55 /* Resources */,
			);
			buildRules = (
			);
			dependencies = (
			);
			name = MovingContentUnderKeyboard;
			productName = MovingContentUnderKeyboard;
			productReference = 992B8D061E6F926300839A55 /* MovingContentUnderKeyboard.app */;
			productType = "com.apple.product-type.application";
		};
/* End PBXNativeTarget section */

/* Begin PBXProject section */
		992B8CFE1E6F926200839A55 /* Project object */ = {
			isa = PBXProject;
			attributes = {
				LastSwiftUpdateCheck = 0820;
				LastUpgradeCheck = 0820;
				ORGANIZATIONNAME = "Toshiaki Nakamura";
				TargetAttributes = {
					992B8D051E6F926300839A55 = {
						CreatedOnToolsVersion = 8.2.1;
						ProvisioningStyle = Automatic;
					};
				};
			};
			buildConfigurationList = 992B8D011E6F926200839A55 /* Build configuration list for PBXProject "MovingContentUnderKeyboard" */;
			compatibilityVersion = "Xcode 3.2";
			developmentRegion = English;
			hasScannedForEncodings = 0;
			knownRegions = (
				en,
				Base,
			);
			mainGroup = 992B8CFD1E6F926200839A55;
			productRefGroup = 992B8D071E6F926300839A55 /* Products */;
			projectDirPath = "";
			projectRoot = "";
			targets = (
				992B8D051E6F926300839A55 /* MovingContentUnderKeyboard */,
			);
		};
/* End PBXProject section */

/* Begin PBXResourcesBuildPhase section */
		992B8D041E6F926300839A55 /* Resources */ = {
			isa = PBXResourcesBuildPhase;
			buildActionMask = 2147483647;
			files = (
				992B8D141E6F926300839A55 /* LaunchScreen.storyboard in Resources */,
				992B8D111E6F926300839A55 /* Assets.xcassets in Resources */,
				992B8D0F1E6F926300839A55 /* Main.storyboard in Resources */,
			);
			runOnlyForDeploymentPostprocessing = 0;
		};
/* End PBXResourcesBuildPhase section */

/* Begin PBXSourcesBuildPhase section */
		992B8D021E6F926300839A55 /* Sources */ = {
			isa = PBXSourcesBuildPhase;
			buildActionMask = 2147483647;
			files = (
				992B8D0C1E6F926300839A55 /* ViewController.swift in Sources */,
				992B8D0A1E6F926300839A55 /* AppDelegate.swift in Sources */,
			);
			runOnlyForDeploymentPostprocessing = 0;
		};
/* End PBXSourcesBuildPhase section */

/* Begin PBXVariantGroup section */
		992B8D0D1E6F926300839A55 /* Main.storyboard */ = {
			isa = PBXVariantGroup;
			children = (
				992B8D0E1E6F926300839A55 /* Base */,
			);
			name = Main.storyboard;
			sourceTree = "<group>";
		};
		992B8D121E6F926300839A55 /* LaunchScreen.storyboard */ = {
			isa = PBXVariantGroup;
			children = (
				992B8D131E6F926300839A55 /* Base */,
			);
			name = LaunchScreen.storyboard;
			sourceTree = "<group>";
		};
/* End PBXVariantGroup section */

/* Begin XCBuildConfiguration section */
		992B8D161E6F926300839A55 /* Debug */ = {
			isa = XCBuildConfiguration;
			buildSettings = {
				ALWAYS_SEARCH_USER_PATHS = NO;
				CLANG_ANALYZER_NONNULL = YES;
				CLANG_CXX_LANGUAGE_STANDARD = "gnu++0x";
				CLANG_CXX_LIBRARY = "libc++";
				CLANG_ENABLE_MODULES = YES;
				CLANG_ENABLE_OBJC_ARC = YES;
				CLANG_WARN_BOOL_CONVERSION = YES;
				CLANG_WARN_CONSTANT_CONVERSION = YES;
				CLANG_WARN_DIRECT_OBJC_ISA_USAGE = YES_ERROR;
				CLANG_WARN_DOCUMENTATION_COMMENTS = YES;
				CLANG_WARN_EMPTY_BODY = YES;
				CLANG_WARN_ENUM_CONVERSION = YES;
				CLANG_WARN_INFINITE_RECURSION = YES;
				CLANG_WARN_INT_CONVERSION = YES;
				CLANG_WARN_OBJC_ROOT_CLASS = YES_ERROR;
				CLANG_WARN_SUSPICIOUS_MOVE = YES;
				CLANG_WARN_UNREACHABLE_CODE = YES;
				CLANG_WARN__DUPLICATE_METHOD_MATCH = YES;
				"CODE_SIGN_IDENTITY[sdk=iphoneos*]" = "iPhone Developer";
				COPY_PHASE_STRIP = NO;
				DEBUG_INFORMATION_FORMAT = dwarf;
				ENABLE_STRICT_OBJC_MSGSEND = YES;
				ENABLE_TESTABILITY = YES;
				GCC_C_LANGUAGE_STANDARD = gnu99;
				GCC_DYNAMIC_NO_PIC = NO;
				GCC_NO_COMMON_BLOCKS = YES;
				GCC_OPTIMIZATION_LEVEL = 0;
				GCC_PREPROCESSOR_DEFINITIONS = (
					"DEBUG=1",
					"$(inherited)",
				);
				GCC_WARN_64_TO_32_BIT_CONVERSION = YES;
				GCC_WARN_ABOUT_RETURN_TYPE = YES_ERROR;
				GCC_WARN_UNDECLARED_SELECTOR = YES;
				GCC_WARN_UNINITIALIZED_AUTOS = YES_AGGRESSIVE;
				GCC_WARN_UNUSED_FUNCTION = YES;
				GCC_WARN_UNUSED_VARIABLE = YES;
				IPHONEOS_DEPLOYMENT_TARGET = 10.2;
				MTL_ENABLE_DEBUG_INFO = YES;
				ONLY_ACTIVE_ARCH = YES;
				SDKROOT = iphoneos;
				SWIFT_ACTIVE_COMPILATION_CONDITIONS = DEBUG;
				SWIFT_OPTIMIZATION_LEVEL = "-Onone";
			};
			name = Debug;
		};
		992B8D171E6F926300839A55 /* Release */ = {
			isa = XCBuildConfiguration;
			buildSettings = {
				ALWAYS_SEARCH_USER_PATHS = NO;
				CLANG_ANALYZER_NONNULL = YES;
				CLANG_CXX_LANGUAGE_STANDARD = "gnu++0x";
				CLANG_CXX_LIBRARY = "libc++";
				CLANG_ENABLE_MODULES = YES;
				CLANG_ENABLE_OBJC_ARC = YES;
				CLANG_WARN_BOOL_CONVERSION = YES;
				CLANG_WARN_CONSTANT_CONVERSION = YES;
				CLANG_WARN_DIRECT_OBJC_ISA_USAGE = YES_ERROR;
				CLANG_WARN_DOCUMENTATION_COMMENTS = YES;
				CLANG_WARN_EMPTY_BODY = YES;
				CLANG_WARN_ENUM_CONVERSION = YES;
				CLANG_WARN_INFINITE_RECURSION = YES;
				CLANG_WARN_INT_CONVERSION = YES;
				CLANG_WARN_OBJC_ROOT_CLASS = YES_ERROR;
				CLANG_WARN_SUSPICIOUS_MOVE = YES;
				CLANG_WARN_UNREACHABLE_CODE = YES;
				CLANG_WARN__DUPLICATE_METHOD_MATCH = YES;
				"CODE_SIGN_IDENTITY[sdk=iphoneos*]" = "iPhone Developer";
				COPY_PHASE_STRIP = NO;
				DEBUG_INFORMATION_FORMAT = "dwarf-with-dsym";
				ENABLE_NS_ASSERTIONS = NO;
				ENABLE_STRICT_OBJC_MSGSEND = YES;
				GCC_C_LANGUAGE_STANDARD = gnu99;
				GCC_NO_COMMON_BLOCKS = YES;
				GCC_WARN_64_TO_32_BIT_CONVERSION = YES;
				GCC_WARN_ABOUT_RETURN_TYPE = YES_ERROR;
				GCC_WARN_UNDECLARED_SELECTOR = YES;
				GCC_WARN_UNINITIALIZED_AUTOS = YES_AGGRESSIVE;
				GCC_WARN_UNUSED_FUNCTION = YES;
				GCC_WARN_UNUSED_VARIABLE = YES;
				IPHONEOS_DEPLOYMENT_TARGET = 10.2;
				MTL_ENABLE_DEBUG_INFO = NO;
				SDKROOT = iphoneos;
				SWIFT_OPTIMIZATION_LEVEL = "-Owholemodule";
				VALIDATE_PRODUCT = YES;
			};
			name = Release;
		};
		992B8D191E6F926300839A55 /* Debug */ = {
			isa = XCBuildConfiguration;
			buildSettings = {
				ASSETCATALOG_COMPILER_APPICON_NAME = AppIcon;
				INFOPLIST_FILE = MovingContentUnderKeyboard/Info.plist;
				LD_RUNPATH_SEARCH_PATHS = "$(inherited) @executable_path/Frameworks";
				PRODUCT_BUNDLE_IDENTIFIER = net.toshi586014.MovingContentUnderKeyboard;
				PRODUCT_NAME = "$(TARGET_NAME)";
				SWIFT_VERSION = 3.0;
			};
			name = Debug;
		};
		992B8D1A1E6F926300839A55 /* Release */ = {
			isa = XCBuildConfiguration;
			buildSettings = {
				ASSETCATALOG_COMPILER_APPICON_NAME = AppIcon;
				INFOPLIST_FILE = MovingContentUnderKeyboard/Info.plist;
				LD_RUNPATH_SEARCH_PATHS = "$(inherited) @executable_path/Frameworks";
				PRODUCT_BUNDLE_IDENTIFIER = net.toshi586014.MovingContentUnderKeyboard;
				PRODUCT_NAME = "$(TARGET_NAME)";
				SWIFT_VERSION = 3.0;
			};
			name = Release;
		};
/* End XCBuildConfiguration section */

/* Begin XCConfigurationList section */
		992B8D011E6F926200839A55 /* Build configuration list for PBXProject "MovingContentUnderKeyboard" */ = {
			isa = XCConfigurationList;
			buildConfigurations = (
				992B8D161E6F926300839A55 /* Debug */,
				992B8D171E6F926300839A55 /* Release */,
			);
			defaultConfigurationIsVisible = 0;
			defaultConfigurationName = Release;
		};
		992B8D181E6F926300839A55 /* Build configuration list for PBXNativeTarget "MovingContentUnderKeyboard" */ = {
			isa = XCConfigurationList;
			buildConfigurations = (
				992B8D191E6F926300839A55 /* Debug */,
				992B8D1A1E6F926300839A55 /* Release */,
			);
			defaultConfigurationIsVisible = 0;
		};
/* End XCConfigurationList section */
	};
	rootObject = 992B8CFE1E6F926200839A55 /* Project object */;
}
